{
  "name": "gramophone",
  "version": "0.0.3",
  "lockfileVersion": 1,
  "requires": true,
  "dependencies": {
    "apparatus": {
      "version": "0.0.10",
      "resolved": "https://registry.npmjs.org/apparatus/-/apparatus-0.0.10.tgz",
      "integrity": "sha512-KLy/ugo33KZA7nugtQ7O0E1c8kQ52N3IvD/XgIh4w/Nr28ypfkwDfA67F1ev4N1m5D+BOk1+b2dEJDfpj/VvZg==",
      "requires": {
        "sylvester": ">= 0.0.8"
      }
    },
    "duplexer": {
      "version": "0.1.1",
      "resolved": "https://registry.npmjs.org/duplexer/-/duplexer-0.1.1.tgz",
      "integrity": "sha1-rOb/gIwc5mtX0ev5eXessCM0z8E="
    },
    "emitter-component": {
      "version": "1.1.1",
      "resolved": "https://registry.npmjs.org/emitter-component/-/emitter-component-1.1.1.tgz",
      "integrity": "sha1-Bl4tvtaVm/RwZ57avq95gdEAOrY="
    },
    "event-stream": {
      "version": "3.0.20",
      "resolved": "http://registry.npmjs.org/event-stream/-/event-stream-3.0.20.tgz",
      "integrity": "sha1-A4u7LqnqkDhbJvvBhU0LU58qvqM=",
      "requires": {
        "duplexer": "~0.1.1",
        "from": "~0",
        "map-stream": "~0.0.3",
        "pause-stream": "0.0.11",
        "split": "0.2",
        "stream-combiner": "~0.0.3",
        "through": "~2.3.1"
      }
    },
    "from": {
      "version": "0.1.7",
      "resolved": "https://registry.npmjs.org/from/-/from-0.1.7.tgz",
      "integrity": "sha1-g8YK/Fi5xWmXAH7Rp2izqzA6RP4="
    },
    "lodash": {
      "version": "0.8.2",
      "resolved": "https://registry.npmjs.org/lodash/-/lodash-0.8.2.tgz",
      "integrity": "sha1-TFnWsjzolEEqE9qyIwR3LQyxGuQ="
    },
    "map-stream": {
      "version": "0.0.7",
      "resolved": "https://registry.npmjs.org/map-stream/-/map-stream-0.0.7.tgz",
      "integrity": "sha1-ih8HiW2CsQkmvTdEokIACfiJdKg="
    },
    "natural": {
      "version": "0.1.29",
      "resolved": "https://registry.npmjs.org/natural/-/natural-0.1.29.tgz",
      "integrity": "sha1-WaN6bNhtVekEtlbTudpD/S3J4Eo=",
      "requires": {
        "apparatus": ">= 0.0.6",
        "sylvester": ">= 0.0.12",
        "underscore": ">=1.3.1"
      }
    },
    "pause-stream": {
      "version": "0.0.11",
      "resolved": "https://registry.npmjs.org/pause-stream/-/pause-stream-0.0.11.tgz",
      "integrity": "sha1-/lo0sMvOErWqaitAPuLnO2AvFEU=",
      "requires": {
        "through": "~2.3"
      }
    },
    "split": {
      "version": "0.2.10",
      "resolved": "https://registry.npmjs.org/split/-/split-0.2.10.tgz",
      "integrity": "sha1-Zwl8YB1pfOE2j0GPBs0gHPBSGlc=",
      "requires": {
        "through": "2"
      }
    },
    "stream": {
      "version": "0.0.2",
      "resolved": "https://registry.npmjs.org/stream/-/stream-0.0.2.tgz",
      "integrity": "sha1-f1Nj8Ff2WSxVlfALyAon9c7B8O8=",
      "requires": {
        "emitter-component": "^1.1.1"
      }
    },
    "stream-combiner": {
      "version": "0.0.4",
      "resolved": "https://registry.npmjs.org/stream-combiner/-/stream-combiner-0.0.4.tgz",
      "integrity": "sha1-TV5DPBhSYd3mI8o/RMWGvPXErRQ=",
      "requires": {
        "duplexer": "~0.1.1"
      }
    },
    "sylvester": {
      "version": "0.0.21",
      "resolved": "https://registry.npmjs.org/sylvester/-/sylvester-0.0.21.tgz",
      "integrity": "sha1-KYexzivS84sNzio0OIiEv6RADqc="
    },
    "through": {
      "version": "2.3.8",
      "resolved": "https://registry.npmjs.org/through/-/through-2.3.8.tgz",
      "integrity": "sha1-DdTJ/6q8NXlgsbckEV1+Doai4fU="
    },
    "underscore": {
      "version": "1.9.1",
      "resolved": "https://registry.npmjs.org/underscore/-/underscore-1.9.1.tgz",
      "integrity": "sha512-5/4etnCkd9c8gwgowi5/om/mYO5ajCaOgdzj/oW+0eQV9WxKBDZw5+ycmKmeaTXjInS/W0BzpGLo2xR2aBwZdg=="
    },
    "underscore.string": {
      "version": "2.3.3",
      "resolved": "https://registry.npmjs.org/underscore.string/-/underscore.string-2.3.3.tgz",
      "integrity": "sha1-ccCL9rQosRM/N+ePo6Icgvcymw0="
    }
  }
}
